<?xml version="1.0" encoding="utf-8"?>
<Project ToolsVersion="4.0" xmlns="http://schemas.microsoft.com/developer/msbuild/2003">
  <ItemGroup>
    <Filter Include="Source Files">
      <UniqueIdentifier>{4FC737F1-C7A5-4376-A066-2A32D752A2FF}</UniqueIdentifier>
      <Extensions>cpp;c;cc;cxx;def;odl;idl;hpj;bat;asm;asmx</Extensions>
    </Filter>
    <Filter Include="Header Files">
      <UniqueIdentifier>{93995380-89BD-4b04-88EB-625FBE52EBFB}</UniqueIdentifier>
      <Extensions>h;hpp;hxx;hm;inl;inc;xsd</Extensions>
    </Filter>
    <Filter Include="Resource Files">
      <UniqueIdentifier>{67DA6AB6-F800-4c08-8B7A-83BB121AAD01}</UniqueIdentifier>
      <Extensions>rc;ico;cur;bmp;dlg;rc2;rct;bin;rgs;gif;jpg;jpeg;jpe;resx;tiff;tif;png;wav;mfcribbon-ms</Extensions>
    </Filter>
    <Filter Include="Header Files\Core">
      <UniqueIdentifier>{af8bef42-7bcd-4ed7-8a29-a330f69ec287}</UniqueIdentifier>
    </Filter>
    <Filter Include="Source Files\Core">
      <UniqueIdentifier>{3a60994d-47d2-4074-82a7-1b3fb83b53f1}</UniqueIdentifier>
    </Filter>
  </ItemGroup>
  <ItemGroup>
    <ClInclude Include="Include\SCT.h">
      <Filter>Header Files</Filter>
    </ClInclude>
    <ClInclude Include="Include\SCTSingleton.h">
      <Filter>Header Files</Filter>
    </ClInclude>
    <ClInclude Include="Include\SCTTypes.h">
      <Filter>Header Files</Filter>
    </ClInclude>
    <ClInclude Include="Include\SCTCore.h">
      <Filter>Header Files</Filter>
    </ClInclude>
    <ClInclude Include="Resources\resource.h">
      <Filter>Header Files</Filter>
    </ClInclude>
    <ClInclude Include="Include\Core\SCTBase.h">
      <Filter>Header Files\Core</Filter>
    </ClInclude>
    <ClInclude Include="Include\Core\SCTFileManager.h">
      <Filter>Header Files\Core</Filter>
    </ClInclude>
    <ClInclude Include="Include\Core\SCTLogManager.h">
      <Filter>Header Files\Core</Filter>
    </ClInclude>
    <ClInclude Include="Include\Core\SCTStringHelper.h">
      <Filter>Header Files\Core</Filter>
    </ClInclude>
    <ClInclude Include="Include\Core\SCTTime.h">
      <Filter>Header Files\Core</Filter>
    </ClInclude>
    <ClInclude Include="Include\Core\SCTWindows.h">
      <Filter>Header Files\Core</Filter>
    </ClInclude>
    <ClInclude Include="Include\Core\SCTStatistics.h">
      <Filter>Header Files\Core</Filter>
    </ClInclude>
    <ClInclude Include="Include\SCTPlatform.h">
      <Filter>Header Files</Filter>
    </ClInclude>
    <ClInclude Include="Include\Core\SCTImageLoader.h">
      <Filter>Header Files\Core</Filter>
    </ClInclude>
  </ItemGroup>
  <ItemGroup>
    <ClCompile Include="Source\Core\SCTBase.cpp">
      <Filter>Source Files\Core</Filter>
    </ClCompile>
    <ClCompile Include="Source\Core\SCTFileManager.cpp">
      <Filter>Source Files\Core</Filter>
    </ClCompile>
    <ClCompile Include="Source\Core\SCTLogManager.cpp">
      <Filter>Source Files\Core</Filter>
    </ClCompile>
    <ClCompile Include="Source\Core\SCTStringHelper.cpp">
      <Filter>Source Files\Core</Filter>
    </ClCompile>
    <ClCompile Include="Source\Core\SCTTime.cpp">
      <Filter>Source Files\Core</Filter>
    </ClCompile>
    <ClCompile Include="Source\Core\SCTWindows.cpp">
      <Filter>Source Files\Core</Filter>
    </ClCompile>
    <ClCompile Include="Source\Core\SCTStatistics.cpp">
      <Filter>Source Files\Core</Filter>
    </ClCompile>
    <ClCompile Include="Source\SCTCore.cpp">
      <Filter>Source Files</Filter>
    </ClCompile>
    <ClCompile Include="Source\Core\SCTImageLoader.cpp">
      <Filter>Source Files\Core</Filter>
    </ClCompile>
  </ItemGroup>
  <ItemGroup>
    <ResourceCompile Include="Resources\configDlg.rc">
      <Filter>Resource Files</Filter>
    </ResourceCompile>
  </ItemGroup>
</Project>